
Microsoft Visual Studio Solution File, Format Version 12.00
# Visual Studio Version 17
VisualStudioVersion = 17.0.31903.59
MinimumVisualStudioVersion = 10.0.40219.1
Project("{9A19103F-16F7-4668-BE54-9A1E7A4F7556}") = "LangLine", "LangLine.csproj", "{B7FA626E-0713-4F6B-B5CE-50B5725EECAD}"
EndProject
Global
	GlobalSection(SolutionConfigurationPlatforms) = preSolution
		Debug|Any CPU = Debug|Any CPU
		Release|Any CPU = Release|Any CPU
	EndGlobalSection
	GlobalSection(ProjectConfigurationPlatforms) = postSolution
		{B7FA626E-0713-4F6B-B5CE-50B5725EECAD}.Debug|Any CPU.ActiveCfg = Debug|Any CPU
		{B7FA626E-0713-4F6B-B5CE-50B5725EECAD}.Debug|Any CPU.Build.0 = Debug|Any CPU
		{B7FA626E-0713-4F6B-B5CE-50B5725EECAD}.Release|Any CPU.ActiveCfg = Release|Any CPU
		{B7FA626E-0713-4F6B-B5CE-50B5725EECAD}.Release|Any CPU.Build.0 = Release|Any CPU
	EndGlobalSection
	GlobalSection(SolutionProperties) = preSolution
		HideSolutionNode = FALSE
	EndGlobalSection
	GlobalSection(ExtensibilityGlobals) = postSolution
		SolutionGuid = {30905DB8-1438-4ACB-A878-8D70E5FA9AE2}
	EndGlobalSection
EndGlobal
